
Microsoft Visual Studio Solution File, Format Version 12.00
# Visual Studio Version 16
VisualStudioVersion = 16.0.33027.164
MinimumVisualStudioVersion = 10.0.40219.1
Project("{FAE04EC0-301F-11D3-BF4B-00C04F79EFBC}") = "ProjetoRefeicao", "ProjetoRefeicao\ProjetoRefeicao.csproj", "{29E414D1-B937-420C-A5B8-68378ACB2BAF}"
EndProject
Global
	GlobalSection(SolutionConfigurationPlatforms) = preSolution
		Debug|Any CPU = Debug|Any CPU
		Release|Any CPU = Release|Any CPU
	EndGlobalSection
	GlobalSection(ProjectConfigurationPlatforms) = postSolution
		{29E414D1-B937-420C-A5B8-68378ACB2BAF}.Debug|Any CPU.ActiveCfg = Debug|Any CPU
		{29E414D1-B937-420C-A5B8-68378ACB2BAF}.Debug|Any CPU.Build.0 = Debug|Any CPU
		{29E414D1-B937-420C-A5B8-68378ACB2BAF}.Release|Any CPU.ActiveCfg = Release|Any CPU
		{29E414D1-B937-420C-A5B8-68378ACB2BAF}.Release|Any CPU.Build.0 = Release|Any CPU
	EndGlobalSection
	GlobalSection(SolutionProperties) = preSolution
		HideSolutionNode = FALSE
	EndGlobalSection
	GlobalSection(ExtensibilityGlobals) = postSolution
		SolutionGuid = {545FD993-4ABF-44EA-B090-23B8415E5F71}
	EndGlobalSection
EndGlobal
